
Microsoft Visual Studio Solution File, Format Version 12.00
# Visual Studio Version 17
VisualStudioVersion = 17.1.32328.378
MinimumVisualStudioVersion = 10.0.40219.1
Project("{FAE04EC0-301F-11D3-BF4B-00C04F79EFBC}") = "NodeIssue", "NodeIssue\NodeIssue.csproj", "{11312327-4FA6-4B29-ADE3-10A8C7F798A6}"
EndProject
Global
	GlobalSection(SolutionConfigurationPlatforms) = preSolution
		Debug|Any CPU = Debug|Any CPU
		Release|Any CPU = Release|Any CPU
	EndGlobalSection
	GlobalSection(ProjectConfigurationPlatforms) = postSolution
		{11312327-4FA6-4B29-ADE3-10A8C7F798A6}.Debug|Any CPU.ActiveCfg = Debug|Any CPU
		{11312327-4FA6-4B29-ADE3-10A8C7F798A6}.Debug|Any CPU.Build.0 = Debug|Any CPU
		{11312327-4FA6-4B29-ADE3-10A8C7F798A6}.Release|Any CPU.ActiveCfg = Release|Any CPU
		{11312327-4FA6-4B29-ADE3-10A8C7F798A6}.Release|Any CPU.Build.0 = Release|Any CPU
	EndGlobalSection
	GlobalSection(SolutionProperties) = preSolution
		HideSolutionNode = FALSE
	EndGlobalSection
	GlobalSection(ExtensibilityGlobals) = postSolution
		SolutionGuid = {B1142A8D-4BB3-4E15-8782-840DA4EEC258}
	EndGlobalSection
EndGlobal
